
Microsoft Visual Studio Solution File, Format Version 12.00
# Visual Studio Version 16
VisualStudioVersion = 16.0.30621.155
MinimumVisualStudioVersion = 10.0.40219.1
Project("{FAE04EC0-301F-11D3-BF4B-00C04F79EFBC}") = "OpenGLinWPF", "OpenGLinWPF.csproj", "{A6A63A70-1262-4121-8ED3-A0D46EBB972A}"
EndProject
Project("{8BC9CEB8-8B4A-11D0-8D11-00A0C91BC942}") = "OpenGLinCpp", "..\OpenGLinCpp\OpenGLinCpp.vcxproj", "{4ACEABEC-81F1-4CE3-ABBA-EEA422F0C2A1}"
EndProject
Global
	GlobalSection(SolutionConfigurationPlatforms) = preSolution
		Debug|Any CPU = Debug|Any CPU
		Debug|x64 = Debug|x64
		Debug|x86 = Debug|x86
		Release|Any CPU = Release|Any CPU
		Release|x64 = Release|x64
		Release|x86 = Release|x86
	EndGlobalSection
	GlobalSection(ProjectConfigurationPlatforms) = postSolution
		{A6A63A70-1262-4121-8ED3-A0D46EBB972A}.Debug|Any CPU.ActiveCfg = Debug|Any CPU
		{A6A63A70-1262-4121-8ED3-A0D46EBB972A}.Debug|Any CPU.Build.0 = Debug|Any CPU
		{A6A63A70-1262-4121-8ED3-A0D46EBB972A}.Debug|x64.ActiveCfg = Debug|Any CPU
		{A6A63A70-1262-4121-8ED3-A0D46EBB972A}.Debug|x64.Build.0 = Debug|Any CPU
		{A6A63A70-1262-4121-8ED3-A0D46EBB972A}.Debug|x86.ActiveCfg = Debug|Any CPU
		{A6A63A70-1262-4121-8ED3-A0D46EBB972A}.Debug|x86.Build.0 = Debug|Any CPU
		{A6A63A70-1262-4121-8ED3-A0D46EBB972A}.Release|Any CPU.ActiveCfg = Release|Any CPU
		{A6A63A70-1262-4121-8ED3-A0D46EBB972A}.Release|Any CPU.Build.0 = Release|Any CPU
		{A6A63A70-1262-4121-8ED3-A0D46EBB972A}.Release|x64.ActiveCfg = Release|Any CPU
		{A6A63A70-1262-4121-8ED3-A0D46EBB972A}.Release|x64.Build.0 = Release|Any CPU
		{A6A63A70-1262-4121-8ED3-A0D46EBB972A}.Release|x86.ActiveCfg = Release|Any CPU
		{A6A63A70-1262-4121-8ED3-A0D46EBB972A}.Release|x86.Build.0 = Release|Any CPU
		{4ACEABEC-81F1-4CE3-ABBA-EEA422F0C2A1}.Debug|Any CPU.ActiveCfg = Debug|Win32
		{4ACEABEC-81F1-4CE3-ABBA-EEA422F0C2A1}.Debug|x64.ActiveCfg = Debug|x64
		{4ACEABEC-81F1-4CE3-ABBA-EEA422F0C2A1}.Debug|x64.Build.0 = Debug|x64
		{4ACEABEC-81F1-4CE3-ABBA-EEA422F0C2A1}.Debug|x86.ActiveCfg = Debug|Win32
		{4ACEABEC-81F1-4CE3-ABBA-EEA422F0C2A1}.Debug|x86.Build.0 = Debug|Win32
		{4ACEABEC-81F1-4CE3-ABBA-EEA422F0C2A1}.Release|Any CPU.ActiveCfg = Release|Win32
		{4ACEABEC-81F1-4CE3-ABBA-EEA422F0C2A1}.Release|x64.ActiveCfg = Release|x64
		{4ACEABEC-81F1-4CE3-ABBA-EEA422F0C2A1}.Release|x64.Build.0 = Release|x64
		{4ACEABEC-81F1-4CE3-ABBA-EEA422F0C2A1}.Release|x86.ActiveCfg = Release|Win32
		{4ACEABEC-81F1-4CE3-ABBA-EEA422F0C2A1}.Release|x86.Build.0 = Release|Win32
	EndGlobalSection
	GlobalSection(SolutionProperties) = preSolution
		HideSolutionNode = FALSE
	EndGlobalSection
	GlobalSection(ExtensibilityGlobals) = postSolution
		SolutionGuid = {3D12E4E2-C80C-45C5-8D36-01D95B295376}
	EndGlobalSection
EndGlobal
